Microsoft Visual Studio Solution File, Format Version 12.00
# Visual Studio Version 17
VisualStudioVersion = 17.5.33103.201
MinimumVisualStudioVersion = 10.0.40219.1
Project("{ACFDA623-50F4-405E-B38C-AC33E014D017}") = "IPAbuyer", "IPAbuyer.csproj", "{306782B9-FDD1-4AFB-9E0D-BE8F65B6381D}"
EndProject
Global
	GlobalSection(SolutionConfigurationPlatforms) = preSolution
		Debug|ARM64 = Debug|ARM64
		Debug|x64 = Debug|x64
		Release|ARM64 = Release|ARM64
		Release|x64 = Release|x64
	EndGlobalSection
	GlobalSection(ProjectConfigurationPlatforms) = postSolution
		{306782B9-FDD1-4AFB-9E0D-BE8F65B6381D}.Debug|ARM64.ActiveCfg = Debug|ARM64
		{306782B9-FDD1-4AFB-9E0D-BE8F65B6381D}.Debug|ARM64.Build.0 = Debug|ARM64
		{306782B9-FDD1-4AFB-9E0D-BE8F65B6381D}.Debug|ARM64.Deploy.0 = Debug|ARM64
		{306782B9-FDD1-4AFB-9E0D-BE8F65B6381D}.Debug|x64.ActiveCfg = Debug|x64
		{306782B9-FDD1-4AFB-9E0D-BE8F65B6381D}.Debug|x64.Build.0 = Debug|x64
		{306782B9-FDD1-4AFB-9E0D-BE8F65B6381D}.Debug|x64.Deploy.0 = Debug|x64
		{306782B9-FDD1-4AFB-9E0D-BE8F65B6381D}.Release|ARM64.ActiveCfg = Release|ARM64
		{306782B9-FDD1-4AFB-9E0D-BE8F65B6381D}.Release|ARM64.Build.0 = Release|ARM64
		{306782B9-FDD1-4AFB-9E0D-BE8F65B6381D}.Release|ARM64.Deploy.0 = Release|ARM64
		{306782B9-FDD1-4AFB-9E0D-BE8F65B6381D}.Release|x64.ActiveCfg = Release|x64
		{306782B9-FDD1-4AFB-9E0D-BE8F65B6381D}.Release|x64.Build.0 = Release|x64
		{306782B9-FDD1-4AFB-9E0D-BE8F65B6381D}.Release|x64.Deploy.0 = Release|x64
	EndGlobalSection
	GlobalSection(SolutionProperties) = preSolution
		HideSolutionNode = FALSE
	EndGlobalSection
	GlobalSection(ExtensibilityGlobals) = postSolution
		SolutionGuid = {9754BAA2-6BD3-46DC-899C-826849073D4C}
	EndGlobalSection
EndGlobal
